
Microsoft Visual Studio Solution File, Format Version 12.00
# Visual Studio 15
VisualStudioVersion = 15.0.28010.2016
MinimumVisualStudioVersion = 10.0.40219.1
Project("{FAE04EC0-301F-11D3-BF4B-00C04F79EFBC}") = "MovieCatalogMVC", "MovieCatalogMVC\MovieCatalogMVC.csproj", "{438555D6-12D8-4933-8E74-80C7374EE87E}"
EndProject
Global
	GlobalSection(SolutionConfigurationPlatforms) = preSolution
		Debug|Any CPU = Debug|Any CPU
		Release|Any CPU = Release|Any CPU
	EndGlobalSection
	GlobalSection(ProjectConfigurationPlatforms) = postSolution
		{438555D6-12D8-4933-8E74-80C7374EE87E}.Debug|Any CPU.ActiveCfg = Debug|Any CPU
		{438555D6-12D8-4933-8E74-80C7374EE87E}.Debug|Any CPU.Build.0 = Debug|Any CPU
		{438555D6-12D8-4933-8E74-80C7374EE87E}.Release|Any CPU.ActiveCfg = Release|Any CPU
		{438555D6-12D8-4933-8E74-80C7374EE87E}.Release|Any CPU.Build.0 = Release|Any CPU
	EndGlobalSection
	GlobalSection(SolutionProperties) = preSolution
		HideSolutionNode = FALSE
	EndGlobalSection
	GlobalSection(ExtensibilityGlobals) = postSolution
		SolutionGuid = {D54DD5AB-488C-4615-9D6D-09A113EBA534}
	EndGlobalSection
EndGlobal
